
Microsoft Visual Studio Solution File, Format Version 12.00
# Visual Studio Version 17
VisualStudioVersion = 17.3.32811.315
MinimumVisualStudioVersion = 10.0.40219.1
Project("{8BC9CEB8-8B4A-11D0-8D11-00A0C91BC942}") = "Practical62", "Practical62\Practical62.vcxproj", "{E22F5E9E-445B-49FD-BBEC-60DED9F05795}"
EndProject
Global
	GlobalSection(SolutionConfigurationPlatforms) = preSolution
		Debug|x64 = Debug|x64
		Debug|x86 = Debug|x86
		Release|x64 = Release|x64
		Release|x86 = Release|x86
	EndGlobalSection
	GlobalSection(ProjectConfigurationPlatforms) = postSolution
		{E22F5E9E-445B-49FD-BBEC-60DED9F05795}.Debug|x64.ActiveCfg = Debug|x64
		{E22F5E9E-445B-49FD-BBEC-60DED9F05795}.Debug|x64.Build.0 = Debug|x64
		{E22F5E9E-445B-49FD-BBEC-60DED9F05795}.Debug|x86.ActiveCfg = Debug|Win32
		{E22F5E9E-445B-49FD-BBEC-60DED9F05795}.Debug|x86.Build.0 = Debug|Win32
		{E22F5E9E-445B-49FD-BBEC-60DED9F05795}.Release|x64.ActiveCfg = Release|x64
		{E22F5E9E-445B-49FD-BBEC-60DED9F05795}.Release|x64.Build.0 = Release|x64
		{E22F5E9E-445B-49FD-BBEC-60DED9F05795}.Release|x86.ActiveCfg = Release|Win32
		{E22F5E9E-445B-49FD-BBEC-60DED9F05795}.Release|x86.Build.0 = Release|Win32
	EndGlobalSection
	GlobalSection(SolutionProperties) = preSolution
		HideSolutionNode = FALSE
	EndGlobalSection
	GlobalSection(ExtensibilityGlobals) = postSolution
		SolutionGuid = {B0934BDA-25DD-4F1B-9C9C-A6853C8A6E06}
	EndGlobalSection
EndGlobal
